
Microsoft Visual Studio Solution File, Format Version 12.00
# Visual Studio Version 16
VisualStudioVersion = 16.0.31702.278
MinimumVisualStudioVersion = 10.0.40219.1
Project("{FAE04EC0-301F-11D3-BF4B-00C04F79EFBC}") = "Laboratorio11.Android", "Laboratorio11\Laboratorio11.Android\Laboratorio11.Android.csproj", "{3D926911-0473-4235-B845-CD367F595F65}"
EndProject
Project("{FAE04EC0-301F-11D3-BF4B-00C04F79EFBC}") = "Laboratorio11", "Laboratorio11\Laboratorio11\Laboratorio11.csproj", "{87B3F365-3292-48C0-B3BE-6B111E7B1E20}"
EndProject
Global
	GlobalSection(SolutionConfigurationPlatforms) = preSolution
		Debug|Any CPU = Debug|Any CPU
		Release|Any CPU = Release|Any CPU
	EndGlobalSection
	GlobalSection(ProjectConfigurationPlatforms) = postSolution
		{3D926911-0473-4235-B845-CD367F595F65}.Debug|Any CPU.ActiveCfg = Debug|Any CPU
		{3D926911-0473-4235-B845-CD367F595F65}.Debug|Any CPU.Build.0 = Debug|Any CPU
		{3D926911-0473-4235-B845-CD367F595F65}.Debug|Any CPU.Deploy.0 = Debug|Any CPU
		{3D926911-0473-4235-B845-CD367F595F65}.Release|Any CPU.ActiveCfg = Release|Any CPU
		{3D926911-0473-4235-B845-CD367F595F65}.Release|Any CPU.Build.0 = Release|Any CPU
		{3D926911-0473-4235-B845-CD367F595F65}.Release|Any CPU.Deploy.0 = Release|Any CPU
		{87B3F365-3292-48C0-B3BE-6B111E7B1E20}.Debug|Any CPU.ActiveCfg = Debug|Any CPU
		{87B3F365-3292-48C0-B3BE-6B111E7B1E20}.Debug|Any CPU.Build.0 = Debug|Any CPU
		{87B3F365-3292-48C0-B3BE-6B111E7B1E20}.Debug|Any CPU.Deploy.0 = Debug|Any CPU
		{87B3F365-3292-48C0-B3BE-6B111E7B1E20}.Release|Any CPU.ActiveCfg = Release|Any CPU
		{87B3F365-3292-48C0-B3BE-6B111E7B1E20}.Release|Any CPU.Build.0 = Release|Any CPU
		{87B3F365-3292-48C0-B3BE-6B111E7B1E20}.Release|Any CPU.Deploy.0 = Release|Any CPU
	EndGlobalSection
	GlobalSection(SolutionProperties) = preSolution
		HideSolutionNode = FALSE
	EndGlobalSection
	GlobalSection(ExtensibilityGlobals) = postSolution
		SolutionGuid = {0CDC06E9-29EF-4F37-813C-7E7918B2E35D}
	EndGlobalSection
EndGlobal
